{
  "object": {
    "pins": [
      {
        "package": "XCTestExtensions",
        "repositoryURL": "https://github.com/elegantchaos/XCTestExtensions.git",
        "state": {
          "branch": null,
          "revision": "8dfc98162276db61530cfaa9f1096d05988c3e60",
          "version": "1.3.3"
        }
      }
    ]
  },
  "version": 1
}
